
Microsoft Visual Studio Solution File, Format Version 12.00
# Visual Studio 15
VisualStudioVersion = 15.0.28010.2041
MinimumVisualStudioVersion = 10.0.40219.1
Project("{2150E333-8FDC-42A3-9474-1A3956D46DE8}") = "01 eventos", "01 eventos", "{39C0490E-1B72-42C2-8043-A3A398A4E5F8}"
EndProject
Project("{2150E333-8FDC-42A3-9474-1A3956D46DE8}") = "02 linq", "02 linq", "{1251E13E-E3F5-42F1-A998-60D096B86887}"
EndProject
Project("{2150E333-8FDC-42A3-9474-1A3956D46DE8}") = "01.01 criar eventos", "01.01 criar eventos", "{63C3432E-B18E-4843-B20F-BA985149B7CC}"
EndProject
Project("{2150E333-8FDC-42A3-9474-1A3956D46DE8}") = "01.02 assinar eventos", "01.02 assinar eventos", "{5A71E63B-51FD-4DAF-BCB0-DA3FE10F18A7}"
EndProject
Project("{2150E333-8FDC-42A3-9474-1A3956D46DE8}") = "01.03 delegados", "01.03 delegados", "{5C37735D-6AC9-437E-B840-C044CE83EB93}"
EndProject
Project("{2150E333-8FDC-42A3-9474-1A3956D46DE8}") = "01.04 lambda", "01.04 lambda", "{378CCCA9-1EB7-4C5F-9699-6AEB6451C74C}"
EndProject
Project("{2150E333-8FDC-42A3-9474-1A3956D46DE8}") = "01.05 metodos anonimos", "01.05 metodos anonimos", "{40CEEF66-F02D-4FD0-A158-1657577FD371}"
EndProject
Project("{2150E333-8FDC-42A3-9474-1A3956D46DE8}") = "02.01 consultar", "02.01 consultar", "{A41FF17C-4E04-4838-B7F5-FB8452669B57}"
EndProject
Project("{2150E333-8FDC-42A3-9474-1A3956D46DE8}") = "02.02 sintaxe de metodo", "02.02 sintaxe de metodo", "{6685C2CD-35AD-4A82-B4F1-B2D75566E952}"
EndProject
Project("{2150E333-8FDC-42A3-9474-1A3956D46DE8}") = "02.03 sintaxe de consulta", "02.03 sintaxe de consulta", "{DBB4E0D7-9DCE-4D70-93EF-BC7D645C9F9B}"
EndProject
Project("{2150E333-8FDC-42A3-9474-1A3956D46DE8}") = "02.04 tipos anonimos", "02.04 tipos anonimos", "{B9CE7BE5-6394-4096-AE55-4824502C92E1}"
EndProject
Project("{2150E333-8FDC-42A3-9474-1A3956D46DE8}") = "02.05 forcar execucao", "02.05 forcar execucao", "{CB3DFBF1-56B0-41F6-B744-FFED7E0EFE4E}"
EndProject
Project("{2150E333-8FDC-42A3-9474-1A3956D46DE8}") = "02.06 linq to xml", "02.06 linq to xml", "{41D1D2C5-28CD-4FD3-9167-9294D956EEED}"
EndProject
Global
	GlobalSection(SolutionProperties) = preSolution
		HideSolutionNode = FALSE
	EndGlobalSection
	GlobalSection(NestedProjects) = preSolution
		{63C3432E-B18E-4843-B20F-BA985149B7CC} = {39C0490E-1B72-42C2-8043-A3A398A4E5F8}
		{5A71E63B-51FD-4DAF-BCB0-DA3FE10F18A7} = {39C0490E-1B72-42C2-8043-A3A398A4E5F8}
		{5C37735D-6AC9-437E-B840-C044CE83EB93} = {39C0490E-1B72-42C2-8043-A3A398A4E5F8}
		{378CCCA9-1EB7-4C5F-9699-6AEB6451C74C} = {39C0490E-1B72-42C2-8043-A3A398A4E5F8}
		{40CEEF66-F02D-4FD0-A158-1657577FD371} = {39C0490E-1B72-42C2-8043-A3A398A4E5F8}
		{A41FF17C-4E04-4838-B7F5-FB8452669B57} = {1251E13E-E3F5-42F1-A998-60D096B86887}
		{6685C2CD-35AD-4A82-B4F1-B2D75566E952} = {1251E13E-E3F5-42F1-A998-60D096B86887}
		{DBB4E0D7-9DCE-4D70-93EF-BC7D645C9F9B} = {1251E13E-E3F5-42F1-A998-60D096B86887}
		{B9CE7BE5-6394-4096-AE55-4824502C92E1} = {1251E13E-E3F5-42F1-A998-60D096B86887}
		{CB3DFBF1-56B0-41F6-B744-FFED7E0EFE4E} = {1251E13E-E3F5-42F1-A998-60D096B86887}
		{41D1D2C5-28CD-4FD3-9167-9294D956EEED} = {1251E13E-E3F5-42F1-A998-60D096B86887}
	EndGlobalSection
	GlobalSection(ExtensibilityGlobals) = postSolution
		SolutionGuid = {7835C130-E023-4C0A-B6B8-AA00390EFF9C}
	EndGlobalSection
EndGlobal
